
Microsoft Visual Studio Solution File, Format Version 12.00
# Visual Studio Version 17
VisualStudioVersion = 17.9.34622.214
MinimumVisualStudioVersion = 10.0.40219.1
Project("{F184B08F-C81C-45F6-A57F-5ABD9991F28F}") = "menu_tdb", "menu_tdb\menu_tdb.vbproj", "{B297DEBD-067F-4B46-B3C1-902B5C7EE088}"
EndProject
Global
	GlobalSection(SolutionConfigurationPlatforms) = preSolution
		Debug|Any CPU = Debug|Any CPU
		Release|Any CPU = Release|Any CPU
	EndGlobalSection
	GlobalSection(ProjectConfigurationPlatforms) = postSolution
		{B297DEBD-067F-4B46-B3C1-902B5C7EE088}.Debug|Any CPU.ActiveCfg = Debug|Any CPU
		{B297DEBD-067F-4B46-B3C1-902B5C7EE088}.Debug|Any CPU.Build.0 = Debug|Any CPU
		{B297DEBD-067F-4B46-B3C1-902B5C7EE088}.Release|Any CPU.ActiveCfg = Release|Any CPU
		{B297DEBD-067F-4B46-B3C1-902B5C7EE088}.Release|Any CPU.Build.0 = Release|Any CPU
	EndGlobalSection
	GlobalSection(SolutionProperties) = preSolution
		HideSolutionNode = FALSE
	EndGlobalSection
	GlobalSection(ExtensibilityGlobals) = postSolution
		SolutionGuid = {D1D05B74-FA8A-469F-A1DC-0197B93773E2}
	EndGlobalSection
EndGlobal
